
Microsoft Visual Studio Solution File, Format Version 12.00
# Visual Studio Version 16
VisualStudioVersion = 16.0.31019.35
MinimumVisualStudioVersion = 10.0.40219.1
Project("{FAE04EC0-301F-11D3-BF4B-00C04F79EFBC}") = "RabbitConsume", "RabbitConsume\RabbitConsume.csproj", "{4944C6F2-F85C-4264-913D-66E4F1EB76B6}"
EndProject
Global
	GlobalSection(SolutionConfigurationPlatforms) = preSolution
		Debug|Any CPU = Debug|Any CPU
		Release|Any CPU = Release|Any CPU
	EndGlobalSection
	GlobalSection(ProjectConfigurationPlatforms) = postSolution
		{4944C6F2-F85C-4264-913D-66E4F1EB76B6}.Debug|Any CPU.ActiveCfg = Debug|Any CPU
		{4944C6F2-F85C-4264-913D-66E4F1EB76B6}.Debug|Any CPU.Build.0 = Debug|Any CPU
		{4944C6F2-F85C-4264-913D-66E4F1EB76B6}.Release|Any CPU.ActiveCfg = Release|Any CPU
		{4944C6F2-F85C-4264-913D-66E4F1EB76B6}.Release|Any CPU.Build.0 = Release|Any CPU
	EndGlobalSection
	GlobalSection(SolutionProperties) = preSolution
		HideSolutionNode = FALSE
	EndGlobalSection
	GlobalSection(ExtensibilityGlobals) = postSolution
		SolutionGuid = {B934E141-C5E6-4361-AFB7-A3FACB3A6A64}
	EndGlobalSection
EndGlobal
